<?xml version="1.0" encoding="utf-8"?>
<Project ToolsVersion="17.0" xmlns="http://schemas.microsoft.com/developer/msbuild/2003">
  <ItemGroup>
    <CustomBuild Include="C:\Users\Neo Recasata\Documents\Dev\flutter_web_personal_portfolio\build\windows\CMakeFiles\969541917269e0f42f12d70d02ea1db5\INSTALL_force.rule">
      <Filter>CMake Rules</Filter>
    </CustomBuild>
  </ItemGroup>
  <ItemGroup>
    <Filter Include="CMake Rules">
      <UniqueIdentifier>{0D84FAAF-7DD7-3B5F-9F2D-CF7C0EFCE56A}</UniqueIdentifier>
    </Filter>
  </ItemGroup>
</Project>
