<?xml version="1.0" encoding="utf-8"?>
<Project ToolsVersion="17.0" xmlns="http://schemas.microsoft.com/developer/msbuild/2003">
  <ItemGroup>
    <ClCompile Include="C:\Users\Neo Recasata\Documents\Dev\flutter_web_personal_portfolio\windows\flutter\ephemeral\cpp_client_wrapper\core_implementations.cc">
      <Filter>Source Files</Filter>
    </ClCompile>
    <ClCompile Include="C:\Users\Neo Recasata\Documents\Dev\flutter_web_personal_portfolio\windows\flutter\ephemeral\cpp_client_wrapper\standard_codec.cc">
      <Filter>Source Files</Filter>
    </ClCompile>
    <ClCompile Include="C:\Users\Neo Recasata\Documents\Dev\flutter_web_personal_portfolio\windows\flutter\ephemeral\cpp_client_wrapper\plugin_registrar.cc">
      <Filter>Source Files</Filter>
    </ClCompile>
  </ItemGroup>
  <ItemGroup>
    <CustomBuild Include="C:\Users\Neo Recasata\Documents\Dev\flutter_web_personal_portfolio\windows\flutter\CMakeLists.txt" />
  </ItemGroup>
  <ItemGroup>
    <Filter Include="CMake Rules">
      <UniqueIdentifier>{0D84FAAF-7DD7-3B5F-9F2D-CF7C0EFCE56A}</UniqueIdentifier>
    </Filter>
    <Filter Include="Source Files">
      <UniqueIdentifier>{8889E2FC-5B6B-3C19-9A5C-A8270331316E}</UniqueIdentifier>
    </Filter>
  </ItemGroup>
</Project>
